{
	"name": "@barelyhuman/tocolor",
	"version": "0.1.0",
	"lockfileVersion": 2,
	"requires": true,
	"packages": {
		"": {
			"name": "@barelyhuman/tocolor",
			"version": "0.1.0",
			"license": "MIT",
			"devDependencies": {
				"@barelyhuman/prettier-config": "^0.1.0",
				"prettier": "^2.5.1",
				"sizesnap": "^0.1.0",
				"tsm": "^2.2.1",
				"typescript": "^4.5.5",
				"uvu": "^0.5.1"
			}
		},
		"node_modules/@barelyhuman/prettier-config": {
			"version": "0.1.0",
			"dev": true,
			"license": "MIT"
		},
		"node_modules/chownr": {
			"version": "2.0.0",
			"dev": true,
			"license": "ISC",
			"engines": {
				"node": ">=10"
			}
		},
		"node_modules/dequal": {
			"version": "2.0.3",
			"dev": true,
			"license": "MIT",
			"engines": {
				"node": ">=6"
			}
		},
		"node_modules/diff": {
			"version": "5.1.0",
			"dev": true,
			"license": "BSD-3-Clause",
			"engines": {
				"node": ">=0.3.1"
			}
		},
		"node_modules/esbuild": {
			"version": "0.15.18",
			"dev": true,
			"hasInstallScript": true,
			"license": "MIT",
			"bin": {
				"esbuild": "bin/esbuild"
			},
			"engines": {
				"node": ">=12"
			},
			"optionalDependencies": {
				"@esbuild/android-arm": "0.15.18",
				"@esbuild/linux-loong64": "0.15.18",
				"esbuild-android-64": "0.15.18",
				"esbuild-android-arm64": "0.15.18",
				"esbuild-darwin-64": "0.15.18",
				"esbuild-darwin-arm64": "0.15.18",
				"esbuild-freebsd-64": "0.15.18",
				"esbuild-freebsd-arm64": "0.15.18",
				"esbuild-linux-32": "0.15.18",
				"esbuild-linux-64": "0.15.18",
				"esbuild-linux-arm": "0.15.18",
				"esbuild-linux-arm64": "0.15.18",
				"esbuild-linux-mips64le": "0.15.18",
				"esbuild-linux-ppc64le": "0.15.18",
				"esbuild-linux-riscv64": "0.15.18",
				"esbuild-linux-s390x": "0.15.18",
				"esbuild-netbsd-64": "0.15.18",
				"esbuild-openbsd-64": "0.15.18",
				"esbuild-sunos-64": "0.15.18",
				"esbuild-windows-32": "0.15.18",
				"esbuild-windows-64": "0.15.18",
				"esbuild-windows-arm64": "0.15.18"
			}
		},
		"node_modules/esbuild-darwin-arm64": {
			"version": "0.15.18",
			"cpu": [
				"arm64"
			],
			"dev": true,
			"license": "MIT",
			"optional": true,
			"os": [
				"darwin"
			],
			"engines": {
				"node": ">=12"
			}
		},
		"node_modules/fs-minipass": {
			"version": "2.1.0",
			"dev": true,
			"license": "ISC",
			"dependencies": {
				"minipass": "^3.0.0"
			},
			"engines": {
				"node": ">= 8"
			}
		},
		"node_modules/kleur": {
			"version": "4.1.5",
			"dev": true,
			"license": "MIT",
			"engines": {
				"node": ">=6"
			}
		},
		"node_modules/minipass": {
			"version": "3.3.6",
			"dev": true,
			"license": "ISC",
			"dependencies": {
				"yallist": "^4.0.0"
			},
			"engines": {
				"node": ">=8"
			}
		},
		"node_modules/minizlib": {
			"version": "2.1.2",
			"dev": true,
			"license": "MIT",
			"dependencies": {
				"minipass": "^3.0.0",
				"yallist": "^4.0.0"
			},
			"engines": {
				"node": ">= 8"
			}
		},
		"node_modules/mkdirp": {
			"version": "1.0.4",
			"dev": true,
			"license": "MIT",
			"bin": {
				"mkdirp": "bin/cmd.js"
			},
			"engines": {
				"node": ">=10"
			}
		},
		"node_modules/mri": {
			"version": "1.2.0",
			"dev": true,
			"license": "MIT",
			"engines": {
				"node": ">=4"
			}
		},
		"node_modules/prettier": {
			"version": "2.8.1",
			"dev": true,
			"license": "MIT",
			"bin": {
				"prettier": "bin-prettier.js"
			},
			"engines": {
				"node": ">=10.13.0"
			},
			"funding": {
				"url": "https://github.com/prettier/prettier?sponsor=1"
			}
		},
		"node_modules/sade": {
			"version": "1.8.1",
			"dev": true,
			"license": "MIT",
			"dependencies": {
				"mri": "^1.1.0"
			},
			"engines": {
				"node": ">=6"
			}
		},
		"node_modules/sizesnap": {
			"version": "0.1.1",
			"dev": true,
			"license": "MIT",
			"dependencies": {
				"tar": "^6.1.11"
			},
			"bin": {
				"sizesnap": "dist/index.js"
			},
			"engines": {
				"node": ">=12"
			}
		},
		"node_modules/tar": {
			"version": "6.1.13",
			"dev": true,
			"license": "ISC",
			"dependencies": {
				"chownr": "^2.0.0",
				"fs-minipass": "^2.0.0",
				"minipass": "^4.0.0",
				"minizlib": "^2.1.1",
				"mkdirp": "^1.0.3",
				"yallist": "^4.0.0"
			},
			"engines": {
				"node": ">=10"
			}
		},
		"node_modules/tar/node_modules/minipass": {
			"version": "4.0.0",
			"dev": true,
			"license": "ISC",
			"dependencies": {
				"yallist": "^4.0.0"
			},
			"engines": {
				"node": ">=8"
			}
		},
		"node_modules/tsm": {
			"version": "2.3.0",
			"dev": true,
			"license": "MIT",
			"dependencies": {
				"esbuild": "^0.15.16"
			},
			"bin": {
				"tsm": "bin.js"
			},
			"engines": {
				"node": ">=12"
			}
		},
		"node_modules/typescript": {
			"version": "4.9.4",
			"dev": true,
			"license": "Apache-2.0",
			"bin": {
				"tsc": "bin/tsc",
				"tsserver": "bin/tsserver"
			},
			"engines": {
				"node": ">=4.2.0"
			}
		},
		"node_modules/uvu": {
			"version": "0.5.6",
			"dev": true,
			"license": "MIT",
			"dependencies": {
				"dequal": "^2.0.0",
				"diff": "^5.0.0",
				"kleur": "^4.0.3",
				"sade": "^1.7.3"
			},
			"bin": {
				"uvu": "bin.js"
			},
			"engines": {
				"node": ">=8"
			}
		},
		"node_modules/yallist": {
			"version": "4.0.0",
			"dev": true,
			"license": "ISC"
		}
	},
	"dependencies": {
		"@barelyhuman/prettier-config": {
			"version": "0.1.0",
			"dev": true
		},
		"chownr": {
			"version": "2.0.0",
			"dev": true
		},
		"dequal": {
			"version": "2.0.3",
			"dev": true
		},
		"diff": {
			"version": "5.1.0",
			"dev": true
		},
		"esbuild": {
			"version": "0.15.18",
			"dev": true,
			"requires": {
				"@esbuild/android-arm": "0.15.18",
				"@esbuild/linux-loong64": "0.15.18",
				"esbuild-android-64": "0.15.18",
				"esbuild-android-arm64": "0.15.18",
				"esbuild-darwin-64": "0.15.18",
				"esbuild-darwin-arm64": "0.15.18",
				"esbuild-freebsd-64": "0.15.18",
				"esbuild-freebsd-arm64": "0.15.18",
				"esbuild-linux-32": "0.15.18",
				"esbuild-linux-64": "0.15.18",
				"esbuild-linux-arm": "0.15.18",
				"esbuild-linux-arm64": "0.15.18",
				"esbuild-linux-mips64le": "0.15.18",
				"esbuild-linux-ppc64le": "0.15.18",
				"esbuild-linux-riscv64": "0.15.18",
				"esbuild-linux-s390x": "0.15.18",
				"esbuild-netbsd-64": "0.15.18",
				"esbuild-openbsd-64": "0.15.18",
				"esbuild-sunos-64": "0.15.18",
				"esbuild-windows-32": "0.15.18",
				"esbuild-windows-64": "0.15.18",
				"esbuild-windows-arm64": "0.15.18"
			}
		},
		"esbuild-darwin-arm64": {
			"version": "0.15.18",
			"dev": true,
			"optional": true
		},
		"fs-minipass": {
			"version": "2.1.0",
			"dev": true,
			"requires": {
				"minipass": "^3.0.0"
			}
		},
		"kleur": {
			"version": "4.1.5",
			"dev": true
		},
		"minipass": {
			"version": "3.3.6",
			"dev": true,
			"requires": {
				"yallist": "^4.0.0"
			}
		},
		"minizlib": {
			"version": "2.1.2",
			"dev": true,
			"requires": {
				"minipass": "^3.0.0",
				"yallist": "^4.0.0"
			}
		},
		"mkdirp": {
			"version": "1.0.4",
			"dev": true
		},
		"mri": {
			"version": "1.2.0",
			"dev": true
		},
		"prettier": {
			"version": "2.8.1",
			"dev": true
		},
		"sade": {
			"version": "1.8.1",
			"dev": true,
			"requires": {
				"mri": "^1.1.0"
			}
		},
		"sizesnap": {
			"version": "0.1.1",
			"dev": true,
			"requires": {
				"tar": "^6.1.11"
			}
		},
		"tar": {
			"version": "6.1.13",
			"dev": true,
			"requires": {
				"chownr": "^2.0.0",
				"fs-minipass": "^2.0.0",
				"minipass": "^4.0.0",
				"minizlib": "^2.1.1",
				"mkdirp": "^1.0.3",
				"yallist": "^4.0.0"
			},
			"dependencies": {
				"minipass": {
					"version": "4.0.0",
					"dev": true,
					"requires": {
						"yallist": "^4.0.0"
					}
				}
			}
		},
		"tsm": {
			"version": "2.3.0",
			"dev": true,
			"requires": {
				"esbuild": "^0.15.16"
			}
		},
		"typescript": {
			"version": "4.9.4",
			"dev": true
		},
		"uvu": {
			"version": "0.5.6",
			"dev": true,
			"requires": {
				"dequal": "^2.0.0",
				"diff": "^5.0.0",
				"kleur": "^4.0.3",
				"sade": "^1.7.3"
			}
		},
		"yallist": {
			"version": "4.0.0",
			"dev": true
		}
	}
}
